
Microsoft Visual Studio Solution File, Format Version 12.00
# Visual Studio 15
VisualStudioVersion = 15.0.28307.1525
MinimumVisualStudioVersion = 10.0.40219.1
Project("{FAE04EC0-301F-11D3-BF4B-00C04F79EFBC}") = "CsharpDemo", "CsharpDemo\CsharpDemo.csproj", "{638B16C5-4EB8-4266-9D01-198D20A1DD21}"
EndProject
Global
	GlobalSection(SolutionConfigurationPlatforms) = preSolution
		Debug|Any CPU = Debug|Any CPU
		Release|Any CPU = Release|Any CPU
	EndGlobalSection
	GlobalSection(ProjectConfigurationPlatforms) = postSolution
		{638B16C5-4EB8-4266-9D01-198D20A1DD21}.Debug|Any CPU.ActiveCfg = Debug|Any CPU
		{638B16C5-4EB8-4266-9D01-198D20A1DD21}.Debug|Any CPU.Build.0 = Debug|Any CPU
		{638B16C5-4EB8-4266-9D01-198D20A1DD21}.Release|Any CPU.ActiveCfg = Release|Any CPU
		{638B16C5-4EB8-4266-9D01-198D20A1DD21}.Release|Any CPU.Build.0 = Release|Any CPU
	EndGlobalSection
	GlobalSection(SolutionProperties) = preSolution
		HideSolutionNode = FALSE
	EndGlobalSection
	GlobalSection(ExtensibilityGlobals) = postSolution
		SolutionGuid = {7C618D71-EB5A-4D9C-8F40-3A2CB3CB040C}
	EndGlobalSection
EndGlobal
